lockfileVersion: '9.0'

settings:
  autoInstallPeers: true
  excludeLinksFromLockfile: false

importers:

  .:
    devDependencies:
      '@codama/renderers-js':
        specifier: ^2.3.0
        version: 2.3.0(typescript@7.0.2)
      '@codama/renderers-rust':
        specifier: ^3.1.0
        version: 3.1.0(typescript@7.0.2)
      codama:
        specifier: ^1.8.0
        version: 1.8.0
      typescript:
        specifier: ^7.0.2
        version: 7.0.2

packages:

  '@codama/cli@1.5.3':
    resolution: {integrity: sha512-RgLwZ24sGkPDwaH3DovOY3e1VXPnPwDBXojYXyOzPmEjQ23yTKacrLa3Zlt/XjMsXv9cLOym5OheC+gG6GxIpg==}
    hasBin: true

  '@codama/errors@1.7.0':
    resolution: {integrity: sha512-N1E4LT3XRYqHHJAnL+eVQ5V3Pc0uSPjsn4Xt6QEO6Fz1p0slF6hbD+/axkFUc7+lNCAfgnkKzhk+6SpFLU/WrQ==}
    hasBin: true

  '@codama/errors@1.8.0':
    resolution: {integrity: sha512-A0FNhbfS1PBSK0nS+g65IR8+OKkifuIJCCnLCUBXb+I/OYMGlJMycMpU4pwAEEGS5GAnue7D/llXE+KpUaMi8w==}
    hasBin: true

  '@codama/fragments@0.1.0':
    resolution: {integrity: sha512-rWnSKw4UA9LS7mMQyzKnR1woibVEYrYgp66+i+JB+O1lnvU/i/KCH4TmoV+S6Y3ADL2WyznrwfDA3rBET6U5Cg==}

  '@codama/fragments@0.1.1':
    resolution: {integrity: sha512-+DeC2YklyYf+qjRkoTKeG6HFgwsW7hiQko7er18dgsxF15M316EwYL2W40nKDPWlEhB/iME+sZR5++VQPUO/6w==}

  '@codama/node-types@1.7.0':
    resolution: {integrity: sha512-VDytcSgN6jOGEh4aJ1LgSnqCe1drSEUSdAeKOV92aU0MOYiDi2s2B18+Gx7dx40mex2GfVc3zamu7KGzTlxegA==}

  '@codama/node-types@1.8.0':
    resolution: {integrity: sha512-KE9K9jjEdeFKtDKRrjjm5YwEkg7l+YwoWiH2w1UXJL/x6P5uul6+O5WnGsJn8IFtBVSLN4hbD7YSsZ0/lktJxQ==}

  '@codama/nodes@1.7.0':
    resolution: {integrity: sha512-PZ1zI+SbE1PEaGEka0KjdFrAJ7e9O0kPG4CCGYhjsqUo76OBbINRjNVx7pkP4r8Ksa2r/BLbVIfZV1M/n5J5Kg==}

  '@codama/nodes@1.8.0':
    resolution: {integrity: sha512-rl+7BxYatAE6uq5h9b5fEilGLd3YeJaJxqgLDAvdKQ5pspq6ch5ww9NiigkwdvDYli1Yk56PRhMZdLsiZIVgAA==}

  '@codama/renderers-core@1.3.8':
    resolution: {integrity: sha512-xy9Qb5BLYTi1OyvlRhRD7n0HUevOQ3QcHSPq9N3kqoUOgL2ziXPXvoejzzLC0OkvA16M7WvK3ihNx/nf4UEClQ==}

  '@codama/renderers-core@1.3.9':
    resolution: {integrity: sha512-DwMxltM+cldAK+rgtE3jVOmrGZuP7fA/ZLu6vgrsQYBp5dkOXCyiGBdpAz0VlhxaN4lB5TzT2Ia+EVv5G4YdGQ==}

  '@codama/renderers-js@2.3.0':
    resolution: {integrity: sha512-PSvoLATBx7EomzZgCXegPTn5TxaFjA+NIraNUx22vNZ6rxPxu5Tctq8KxeXaaPCnKLpBUKcwmhUPRO4QLNQlvg==}
    engines: {node: '>=20.18.0'}

  '@codama/renderers-rust@3.1.0':
    resolution: {integrity: sha512-E/GSUCuiIpFj+ij3NbduH/h3sNDo39Bq14vj2atxdbbrPmu4clWvIEjXtbmP03qhudH73TxbYO8dWg/NwRi18A==}
    engines: {node: '>=20.18.0'}

  '@codama/validators@1.8.0':
    resolution: {integrity: sha512-gDmS85DwWmT41+PWTlbBrkSopGKW4UPhEcX+SLb2fF/uXMpJQXcgLE8BE9Fr7/DO+M9yFtGOVrnfDSCwepORGg==}

  '@codama/visitors-core@1.7.0':
    resolution: {integrity: sha512-ii1Z39ORzssMQdpxqpjaHCLbFwO4KZbI1SrsJ1e0r+0g03gxuYEA1H6RoxcrIOuUeOnqNtLb96cErrzHdrx23Q==}

  '@codama/visitors-core@1.8.0':
    resolution: {integrity: sha512-CLO0icVvzAutjI7imuN1Rib0/GIBc7hhwQ5gcE3aVAVBHUNS4M27BzagqYTpL0cMC9I1tL9c6lhpCBV2kKs6Zg==}

  '@codama/visitors@1.8.0':
    resolution: {integrity: sha512-vQ863YkHBdLWZeaiPKisiRe0bbuBEBe9xDWVcLCCLRsmKCQuS+GB4bKxIwrlTr9cxCOGyQLkI7B/yAqyYEdbmw==}

  '@iarna/toml@2.2.5':
    resolution: {integrity: sha512-trnsAYxU3xnS1gPHPyU961coFyLkh4gAD/0zQ5mymY4yOZ+CYvsPqUbOFSw0aDM4y0tV7tiFxL/1XfXPNC6IPg==}

  '@solana/codecs-core@6.9.0':
    resolution: {integrity: sha512-F2BmLecG/1nTtnjyD509NsEc254pxJKa2bpvotymv1lL1WfEn3zchcZ9SMIiLyL4G6J8b9F3OKIq2YSZho2AOQ==}
    engines: {node: '>=20.18.0'}
    peerDependencies:
      typescript: '>=5.4.0'
    peerDependenciesMeta:
      typescript:
        optional: true

  '@solana/codecs-numbers@6.9.0':
    resolution: {integrity: sha512-XMI0FOHV2h7yPAllxWCX8z+J1msidNjXzN1mRjH5KR6C+vfzyKa2xWHve0bNSV/bjVAhqqhc7dQCpBKuF4+ScQ==}
    engines: {node: '>=20.18.0'}
    peerDependencies:
      typescript: '>=5.4.0'
    peerDependenciesMeta:
      typescript:
        optional: true

  '@solana/codecs-strings@6.9.0':
    resolution: {integrity: sha512-PTqYQxMsmdfEEq29bV1AnALD4FjFEsSxOj1fYNqooOSTEQEpUoYEQtsd55/kBsnIKltXbvYwXYXBusm19n1sQA==}
    engines: {node: '>=20.18.0'}
    peerDependencies:
      fastestsmallesttextencoderdecoder: ^1.0.22
      typescript: '>=5.4.0'
    peerDependenciesMeta:
      fastestsmallesttextencoderdecoder:
        optional: true
      typescript:
        optional: true

  '@solana/errors@6.9.0':
    resolution: {integrity: sha512-7i+b07KMnkbHvFlz7uWade3jvyc22UmVm8o9taxPK8YV3JNM/NkS8oQFvMac2MIaLPAlEs7I8MHyVLUal1yY4g==}
    engines: {node: '>=20.18.0'}
    hasBin: true
    peerDependencies:
      typescript: '>=5.4.0'
    peerDependenciesMeta:
      typescript:
        optional: true

  '@typescript/typescript-aix-ppc64@7.0.2':
    resolution: {integrity: sha512-MTKKkWB7p/0E9xi1d1tHtZ5PiLkGEMIq88pK2CubZjOsLtYTLqhgIgi6zepFa+9GHZ6h05NMCkQxGKiPXMxXtQ==}
    engines: {node: '>=16.20.0'}
    cpu: [ppc64]
    os: [aix]

  '@typescript/typescript-darwin-arm64@7.0.2':
    resolution: {integrity: sha512-gowzar9MwS/aRWp6f3a4KUqzRjAZjOsmGNCM6LcTgXum+dBfgsBVMN+AgvOCCbguXyick6LJhpBszxMebJ8syA==}
    engines: {node: '>=16.20.0'}
    cpu: [arm64]
    os: [darwin]

  '@typescript/typescript-darwin-x64@7.0.2':
    resolution: {integrity: sha512-SZ9xZInqApNlNGc9s0W1VSsktYSOe9cFqNOIqmN1Gs8SmkjKZYFt017G4VwPxASInODuAdbTW7sXiFUf893RgA==}
    engines: {node: '>=16.20.0'}
    cpu: [x64]
    os: [darwin]

  '@typescript/typescript-freebsd-arm64@7.0.2':
    resolution: {integrity: sha512-W5NH4y/J0plIIS5b2xvTEkU7JFxyqdMAOgf+Ilhl0vHQXKO5dZoxd+C/jEtq56c4F3wk71RB4BMRQ2XdI+bwYQ==}
    engines: {node: '>=16.20.0'}
    cpu: [arm64]
    os: [freebsd]

  '@typescript/typescript-freebsd-x64@7.0.2':
    resolution: {integrity: sha512-UMGDx5sTpzNw3WiPebH7l90IWfJggEd+egHt/q6p7/Cm3zqoV7VxkGXt+3DxPIw8CcmvAB0j3sVVfbhX+M4Tpw==}
    engines: {node: '>=16.20.0'}
    cpu: [x64]
    os: [freebsd]

  '@typescript/typescript-linux-arm64@7.0.2':
    resolution: {integrity: sha512-Qh4eU4/y3yDjnfjjyPYihMj5/ODIlmt+Bzu17OI+fiSRDW57QmU5SiN63exPRNJPKUzcc1INa1NXdrJ+MqHjUQ==}
    engines: {node: '>=16.20.0'}
    cpu: [arm64]
    os: [linux]

  '@typescript/typescript-linux-arm@7.0.2':
    resolution: {integrity: sha512-gffT3xPz9sR7j/YJExkyPntrI0P2EP9XbOyWzth2/Gs0RstK+90RBcO0ncXoXy/beYll1SXw846Nf2zdnEz0QQ==}
    engines: {node: '>=16.20.0'}
    cpu: [arm]
    os: [linux]

  '@typescript/typescript-linux-loong64@7.0.2':
    resolution: {integrity: sha512-uEHck9i8hoAzXPiYRib1O7miOnz23SxIeVl6F4LXox+qov1K35jHcEW6VHKvZI+pyvl7fZEP4MCU5LYvIq1GuQ==}
    engines: {node: '>=16.20.0'}
    cpu: [loong64]
    os: [linux]

  '@typescript/typescript-linux-mips64el@7.0.2':
    resolution: {integrity: sha512-R4KvAMnE43W5Qeqb0Ly56O3mWMWIAgsMyz36DCaycd5nbg/9kzm0liw3JocfRqyJY0KPmzFjbswozXyW0DnIYA==}
    engines: {node: '>=16.20.0'}
    cpu: [mips64el]
    os: [linux]

  '@typescript/typescript-linux-ppc64@7.0.2':
    resolution: {integrity: sha512-DORx5b3sd/4S7eayxm4FQv+A7CrkUIGRaHiwI8oiHTAI1fAPWhF4J0vAlkC8biAlHSVVwxMQ3tjZ2/DVbnQiiA==}
    engines: {node: '>=16.20.0'}
    cpu: [ppc64]
    os: [linux]

  '@typescript/typescript-linux-riscv64@7.0.2':
    resolution: {integrity: sha512-wf0jqEDOjrPRnKwYRyyJDRo11KMbvMFrU+q4zqKyChODBzvlkbhNQfKvLxQCcwTpdDaXSHZTVuh0JoCrKCUMHQ==}
    engines: {node: '>=16.20.0'}
    cpu: [riscv64]
    os: [linux]

  '@typescript/typescript-linux-s390x@7.0.2':
    resolution: {integrity: sha512-IkwJc3L7yhytWd/ewjyxNDfOmswCm9GWMJT/ue/dU4aZNbwZeYAetq42VyLmsmSjvoX7z74X6ZaYCtzAr0EuGw==}
    engines: {node: '>=16.20.0'}
    cpu: [s390x]
    os: [linux]

  '@typescript/typescript-linux-x64@7.0.2':
    resolution: {integrity: sha512-EYdf2cNg7rgCWJnxCdJ+F3V39O8ihb37eHAu1LK8oAFizgTQbPOK7zHHXbPt8rX24COqODXeI3sIf0fCXG7H/A==}
    engines: {node: '>=16.20.0'}
    cpu: [x64]
    os: [linux]

  '@typescript/typescript-netbsd-arm64@7.0.2':
    resolution: {integrity: sha512-+polYF4MF04aPpO5FTkHran9yUQDSXqy5GiSDKpsll5jy3l3+g9QLhpf39T+ePtefhXLOGrLl0QIjkQP6VnelA==}
    engines: {node: '>=16.20.0'}
    cpu: [arm64]
    os: [netbsd]

  '@typescript/typescript-netbsd-x64@7.0.2':
    resolution: {integrity: sha512-8YIT0EHM/3dq10ZOVF/A7pc/YSMtbcecct4rWtexrnSCHOPcpC2KTLXfTCR6vDpnSiY12heNb1GiN/wu+T/FyA==}
    engines: {node: '>=16.20.0'}
    cpu: [x64]
    os: [netbsd]

  '@typescript/typescript-openbsd-arm64@7.0.2':
    resolution: {integrity: sha512-APT8+ClYnuYm1u9+kgGXoMj2VzWzcymwh2gNSQVySHfkRDGOTVkoWLjCmOQSaO+PoqQ57B0flRp9SA+7GnnkzQ==}
    engines: {node: '>=16.20.0'}
    cpu: [arm64]
    os: [openbsd]

  '@typescript/typescript-openbsd-x64@7.0.2':
    resolution: {integrity: sha512-yX7s+Q0Dln0Dt9tEzZsAjXXR/+ytBM7AlglaqyeMPxQszJ1JhlJdZ6jLA+IzldHtflX81em7lDao1xXu+aRRkg==}
    engines: {node: '>=16.20.0'}
    cpu: [x64]
    os: [openbsd]

  '@typescript/typescript-sunos-x64@7.0.2':
    resolution: {integrity: sha512-dLJDGaLZ1D4HPQn62u1n8mBDkJREwMsAkCdkwd4Ieqw+x3TUyTsqY0YiBCtE6H6OzzgGk3iuZ3vFWRS+E8/d1g==}
    engines: {node: '>=16.20.0'}
    cpu: [x64]
    os: [sunos]

  '@typescript/typescript-win32-arm64@7.0.2':
    resolution: {integrity: sha512-Gyl1Vy6OsWesLzmq+EP0Fb7b4Nid5232AvcA2SFcdYreldpNtYFFofPjnt62y9hQy7VTaZp65ICJjuAQRaVcIQ==}
    engines: {node: '>=16.20.0'}
    cpu: [arm64]
    os: [win32]

  '@typescript/typescript-win32-x64@7.0.2':
    resolution: {integrity: sha512-0BQ3HkAHHlKLSp1qRvf3SUhGpGsDuhB/jgFw75guyqbxJqEaS0Cw/VFO8i2nHglJUzQCRtMMR/IBAKE3ETMC4g==}
    engines: {node: '>=16.20.0'}
    cpu: [x64]
    os: [win32]

  a-sync-waterfall@1.0.1:
    resolution: {integrity: sha512-RYTOHHdWipFUliRFMCS4X2Yn2X8M87V/OpSqWzKKOGhzqyUxzyVmhHDH9sAvG+ZuQf/TAOFsLCpMw09I1ufUnA==}

  asap@2.0.6:
    resolution: {integrity: sha512-BSHWgDSAiKs50o2Re8ppvp3seVHXSRM44cdSsT9FfNEUUZLOGWVCsiWaRPWM1Znn+mqZ1OfVZ3z3DWEzSp7hRA==}

  call-bind-apply-helpers@1.0.2:
    resolution: {integrity: sha512-Sp1ablJ0ivDkSzjcaJdxEunN5/XvksFJ2sMBFfq6x0ryhQV/2b/KwFe21cMpmHtPOSij8K99/wSfoEuTObmuMQ==}
    engines: {node: '>= 0.4'}

  call-bind@1.0.9:
    resolution: {integrity: sha512-a/hy+pNsFUTR+Iz8TCJvXudKVLAnz/DyeSUo10I5yvFDQJBFU2s9uqQpoSrJlroHUKoKqzg+epxyP9lqFdzfBQ==}
    engines: {node: '>= 0.4'}

  call-bound@1.0.4:
    resolution: {integrity: sha512-+ys997U96po4Kx/ABpBCqhA9EuxJaQWDQg7295H4hBphv3IZg0boBKuwYpt4YXp6MZ5AmZQnU/tyMTlRpaSejg==}
    engines: {node: '>= 0.4'}

  chalk@5.6.2:
    resolution: {integrity: sha512-7NzBL0rN6fMUW+f7A6Io4h40qQlG+xGmtMxfbnH/K7TAtt8JQWVQK+6g0UXKMeVJoyV5EkkNsErQ8pVD3bLHbA==}
    engines: {node: ^12.17.0 || ^14.13 || >=16.0.0}

  codama@1.8.0:
    resolution: {integrity: sha512-P1hctEUpZfgjm3xfosrD4xo/SVnp17ONuGDDtBmkyOaJBBL2JkYXjomZF9xOQqhvlfgcgqRKNB96Lcs4MG/fLQ==}
    hasBin: true

  commander@14.0.3:
    resolution: {integrity: sha512-H+y0Jo/T1RZ9qPP4Eh1pkcQcLRglraJaSLoyOtHxu6AapkjWVCy2Sit1QQ4x3Dng8qDlSsZEet7g5Pq06MvTgw==}
    engines: {node: '>=20'}

  commander@5.1.0:
    resolution: {integrity: sha512-P0CysNDQ7rtVw4QIQtm+MRxV66vKFSvlsQvGYXZWR3qFU0jlMKHZZZgw8e+8DSah4UDKMqnknRDQz+xuQXQ/Zg==}
    engines: {node: '>= 6'}

  define-data-property@1.1.4:
    resolution: {integrity: sha512-rBMvIzlpA8v6E+SJZoo++HAYqsLrkg7MSfIinMPFhmkorw7X+dOXVJQs+QT69zGkzMyfDnIMN2Wid1+NbL3T+A==}
    engines: {node: '>= 0.4'}

  dunder-proto@1.0.1:
    resolution: {integrity: sha512-KIN/nDJBQRcXw0MLVhZE9iQHmG68qAVIBg9CqmUYjmQIhgij9U5MFvrqkUL5FbtyyzZuOeOt0zdeRe4UY7ct+A==}
    engines: {node: '>= 0.4'}

  es-define-property@1.0.1:
    resolution: {integrity: sha512-e3nRfgfUZ4rNGL232gUgX06QNyyez04KdjFrF+LTRoOXmrOgFKDg4BCdsjW8EnT69eqdYGmRpJwiPVYNrCaW3g==}
    engines: {node: '>= 0.4'}

  es-errors@1.3.0:
    resolution: {integrity: sha512-Zf5H2Kxt2xjTvbJvP2ZWLEICxA6j+hAmMzIlypy4xcBg1vKVnx89Wy0GbS+kf5cwCVFFzdCFh2XSCFNULS6csw==}
    engines: {node: '>= 0.4'}

  es-object-atoms@1.1.2:
    resolution: {integrity: sha512-HWcBoN6NileqtSydK2FqHbS/LoDd2pqrnQHLyJzBj4kOp/ky2MWMN694xOfkK8/SnUsW2DH7EfyVlydKCsm1Zw==}
    engines: {node: '>= 0.4'}

  function-bind@1.1.2:
    resolution: {integrity: sha512-7XHNxH7qX9xG5mIwxkhumTox/MIRNcOgDrxWsMt2pAr23WHp6MrRlN7FBSFpCpr+oVO0F744iUgR82nJMfG2SA==}

  get-intrinsic@1.3.0:
    resolution: {integrity: sha512-9fSjSaos/fRIVIp+xSJlE6lfwhES7LNtKaCBIamHsjr2na1BiABJPo0mOjjz8GJDURarmCPGqaiVg5mfjb98CQ==}
    engines: {node: '>= 0.4'}

  get-proto@1.0.1:
    resolution: {integrity: sha512-sTSfBjoXBp89JvIKIefqw7U2CCebsc74kiY6awiGogKtoSGbgjYE/G/+l9sF3MWFPNc9IcoOC4ODfKHfxFmp0g==}
    engines: {node: '>= 0.4'}

  gopd@1.2.0:
    resolution: {integrity: sha512-ZUKRh6/kUFoAiTAtTYPZJ3hw9wNxx+BIBOijnlG9PnrJsCcSjs1wyyD6vJpaYtgnzDrKYRSqf3OO6Rfa93xsRg==}
    engines: {node: '>= 0.4'}

  has-property-descriptors@1.0.2:
    resolution: {integrity: sha512-55JNKuIW+vq4Ke1BjOTjM2YctQIvCT7GFzHwmfZPGo5wnrgkid0YQtnAleFSqumZm4az3n2BS+erby5ipJdgrg==}

  has-symbols@1.1.0:
    resolution: {integrity: sha512-1cDNdwJ2Jaohmb3sg4OmKaMBwuC48sYni5HUw2DvsC8LjGTLK9h+eb1X6RyuOHe4hT0ULCW68iomhjUoKUqlPQ==}
    engines: {node: '>= 0.4'}

  hasown@2.0.4:
    resolution: {integrity: sha512-T2UbfbBEF32wiepXIsMlTW9+dDYC6wMh/t/vYA4tuOMKqWz/n3vr1NFSxQiyP+zk2mXsoMA/i/7qV6LKut1t1A==}
    engines: {node: '>= 0.4'}

  isarray@2.0.5:
    resolution: {integrity: sha512-xHjhDr3cNBK0BzdUJSPXZntQUx/mwMS5Rw4A7lPJ90XGAO6ISP/ePDNuo0vhqOZU+UD5JoodwCAAoZQd3FeAKw==}

  json-stable-stringify@1.3.0:
    resolution: {integrity: sha512-qtYiSSFlwot9XHtF9bD9c7rwKjr+RecWT//ZnPvSmEjpV5mmPOCN4j8UjY5hbjNkOwZ/jQv3J6R1/pL7RwgMsg==}
    engines: {node: '>= 0.4'}

  jsonify@0.0.1:
    resolution: {integrity: sha512-2/Ki0GcmuqSrgFyelQq9M05y7PS0mEwuIzrf3f1fPqkVDVRvZrPZtVSMHxdgo8Aq0sxAOb/cr2aqqA3LeWHVPg==}

  kleur@3.0.3:
    resolution: {integrity: sha512-eTIzlVOSUR+JxdDFepEYcBMtZ9Qqdef+rnzWdRZuMbOywu5tO2w2N7rqjoANZ5k9vywhL6Br1VRjUIgTQx4E8w==}
    engines: {node: '>=6'}

  math-intrinsics@1.1.0:
    resolution: {integrity: sha512-/IXtbwEk5HTPyEwyKX6hGkYXxM9nbj64B+ilVJnC/R6B0pH5G4V3b0pVbL7DBj4tkhBAppbQUlf6F6Xl9LHu1g==}
    engines: {node: '>= 0.4'}

  nunjucks@3.2.4:
    resolution: {integrity: sha512-26XRV6BhkgK0VOxfbU5cQI+ICFUtMLixv1noZn1tGU38kQH5A5nmmbk/O45xdyBhD1esk47nKrY0mvQpZIhRjQ==}
    engines: {node: '>= 6.9.0'}
    hasBin: true
    peerDependencies:
      chokidar: ^3.3.0
    peerDependenciesMeta:
      chokidar:
        optional: true

  object-keys@1.1.1:
    resolution: {integrity: sha512-NuAESUOUMrlIXOfHKzD6bpPu3tYt3xvjNdRIQ+FeT0lNb4K8WR70CaDxhuNguS2XG+GjkyMwOzsN5ZktImfhLA==}
    engines: {node: '>= 0.4'}

  picocolors@1.1.1:
    resolution: {integrity: sha512-xceH2snhtb5M9liqDsmEw56le376mTZkEX/jEb/RxNFyegNul7eNslCXP9FDj/Lcu0X8KEyMceP2ntpaHrDEVA==}

  prettier@3.8.4:
    resolution: {integrity: sha512-N2MylSdi48+5N/6S5j+maeHbUSIzzZ5uOcX5Hm4QpV8Dkb1HFjfAKTKX6yNPJQD9AhcT3ifHNB66tWTTJDi11Q==}
    engines: {node: '>=14'}
    hasBin: true

  prompts@2.4.2:
    resolution: {integrity: sha512-NxNv/kLguCA7p3jE8oL2aEBsrJWgAakBpgmgK6lpPWV+WuOmY6r2/zbAVnP+T8bQlA0nzHXSJSJW0Hq7ylaD2Q==}
    engines: {node: '>= 6'}

  semver@7.8.4:
    resolution: {integrity: sha512-rUCObTnP32Q08R2uuIrt7r9PlEonuTmtuXYcW6s5kjdlj3xbnwe+21yXptAUYcMAABLkYYTtnmzb3w3EDZfueA==}
    engines: {node: '>=10'}
    hasBin: true

  set-function-length@1.2.2:
    resolution: {integrity: sha512-pgRc4hJ4/sNjWCSS9AmnS40x3bNMDTknHgL5UaMBTMyJnU90EgWh1Rz+MC9eFu4BuN/UwZjKQuY/1v3rM7HMfg==}
    engines: {node: '>= 0.4'}

  sisteransi@1.0.5:
    resolution: {integrity: sha512-bLGGlR1QxBcynn2d5YmDX4MGjlZvy2MRBDRNHLJ8VI6l6+9FUiyTFNJ0IveOSP0bcXgVDPRcfGqA0pjaqUpfVg==}

  typescript@7.0.2:
    resolution: {integrity: sha512-8FYau96o3NKOhbjKi/qNvG/W5jhzxkbdm5sj9AbZ/5T5sWqn3hJgLfGx27sRKZWTvyzCP8dLRBTf5tBTSRVUNA==}
    engines: {node: '>=16.20.0'}
    hasBin: true

snapshots:

  '@codama/cli@1.5.3':
    dependencies:
      '@codama/nodes': 1.8.0
      '@codama/visitors': 1.8.0
      '@codama/visitors-core': 1.8.0
      commander: 14.0.3
      picocolors: 1.1.1
      prompts: 2.4.2

  '@codama/errors@1.7.0':
    dependencies:
      '@codama/node-types': 1.7.0
      commander: 14.0.3
      picocolors: 1.1.1

  '@codama/errors@1.8.0':
    dependencies:
      '@codama/node-types': 1.8.0
      commander: 14.0.3
      picocolors: 1.1.1

  '@codama/fragments@0.1.0':
    dependencies:
      '@codama/errors': 1.7.0

  '@codama/fragments@0.1.1':
    dependencies:
      '@codama/errors': 1.8.0

  '@codama/node-types@1.7.0': {}

  '@codama/node-types@1.8.0': {}

  '@codama/nodes@1.7.0':
    dependencies:
      '@codama/errors': 1.7.0
      '@codama/node-types': 1.7.0

  '@codama/nodes@1.8.0':
    dependencies:
      '@codama/errors': 1.8.0
      '@codama/node-types': 1.8.0

  '@codama/renderers-core@1.3.8':
    dependencies:
      '@codama/errors': 1.7.0
      '@codama/fragments': 0.1.0
      '@codama/nodes': 1.7.0
      '@codama/visitors-core': 1.7.0

  '@codama/renderers-core@1.3.9':
    dependencies:
      '@codama/errors': 1.8.0
      '@codama/fragments': 0.1.1
      '@codama/nodes': 1.8.0
      '@codama/visitors-core': 1.8.0

  '@codama/renderers-js@2.3.0(typescript@7.0.2)':
    dependencies:
      '@codama/errors': 1.8.0
      '@codama/nodes': 1.8.0
      '@codama/renderers-core': 1.3.9
      '@codama/visitors-core': 1.8.0
      '@solana/codecs-strings': 6.9.0(typescript@7.0.2)
      prettier: 3.8.4
      semver: 7.8.4
    transitivePeerDependencies:
      - fastestsmallesttextencoderdecoder
      - typescript

  '@codama/renderers-rust@3.1.0(typescript@7.0.2)':
    dependencies:
      '@codama/errors': 1.7.0
      '@codama/nodes': 1.7.0
      '@codama/renderers-core': 1.3.8
      '@codama/visitors-core': 1.7.0
      '@iarna/toml': 2.2.5
      '@solana/codecs-strings': 6.9.0(typescript@7.0.2)
      nunjucks: 3.2.4
      semver: 7.8.4
    transitivePeerDependencies:
      - chokidar
      - fastestsmallesttextencoderdecoder
      - typescript

  '@codama/validators@1.8.0':
    dependencies:
      '@codama/errors': 1.8.0
      '@codama/nodes': 1.8.0
      '@codama/visitors-core': 1.8.0

  '@codama/visitors-core@1.7.0':
    dependencies:
      '@codama/errors': 1.7.0
      '@codama/nodes': 1.7.0
      json-stable-stringify: 1.3.0

  '@codama/visitors-core@1.8.0':
    dependencies:
      '@codama/errors': 1.8.0
      '@codama/nodes': 1.8.0
      json-stable-stringify: 1.3.0

  '@codama/visitors@1.8.0':
    dependencies:
      '@codama/errors': 1.8.0
      '@codama/nodes': 1.8.0
      '@codama/visitors-core': 1.8.0

  '@iarna/toml@2.2.5': {}

  '@solana/codecs-core@6.9.0(typescript@7.0.2)':
    dependencies:
      '@solana/errors': 6.9.0(typescript@7.0.2)
    optionalDependencies:
      typescript: 7.0.2

  '@solana/codecs-numbers@6.9.0(typescript@7.0.2)':
    dependencies:
      '@solana/codecs-core': 6.9.0(typescript@7.0.2)
      '@solana/errors': 6.9.0(typescript@7.0.2)
    optionalDependencies:
      typescript: 7.0.2

  '@solana/codecs-strings@6.9.0(typescript@7.0.2)':
    dependencies:
      '@solana/codecs-core': 6.9.0(typescript@7.0.2)
      '@solana/codecs-numbers': 6.9.0(typescript@7.0.2)
      '@solana/errors': 6.9.0(typescript@7.0.2)
    optionalDependencies:
      typescript: 7.0.2

  '@solana/errors@6.9.0(typescript@7.0.2)':
    dependencies:
      chalk: 5.6.2
      commander: 14.0.3
    optionalDependencies:
      typescript: 7.0.2

  '@typescript/typescript-aix-ppc64@7.0.2':
    optional: true

  '@typescript/typescript-darwin-arm64@7.0.2':
    optional: true

  '@typescript/typescript-darwin-x64@7.0.2':
    optional: true

  '@typescript/typescript-freebsd-arm64@7.0.2':
    optional: true

  '@typescript/typescript-freebsd-x64@7.0.2':
    optional: true

  '@typescript/typescript-linux-arm64@7.0.2':
    optional: true

  '@typescript/typescript-linux-arm@7.0.2':
    optional: true

  '@typescript/typescript-linux-loong64@7.0.2':
    optional: true

  '@typescript/typescript-linux-mips64el@7.0.2':
    optional: true

  '@typescript/typescript-linux-ppc64@7.0.2':
    optional: true

  '@typescript/typescript-linux-riscv64@7.0.2':
    optional: true

  '@typescript/typescript-linux-s390x@7.0.2':
    optional: true

  '@typescript/typescript-linux-x64@7.0.2':
    optional: true

  '@typescript/typescript-netbsd-arm64@7.0.2':
    optional: true

  '@typescript/typescript-netbsd-x64@7.0.2':
    optional: true

  '@typescript/typescript-openbsd-arm64@7.0.2':
    optional: true

  '@typescript/typescript-openbsd-x64@7.0.2':
    optional: true

  '@typescript/typescript-sunos-x64@7.0.2':
    optional: true

  '@typescript/typescript-win32-arm64@7.0.2':
    optional: true

  '@typescript/typescript-win32-x64@7.0.2':
    optional: true

  a-sync-waterfall@1.0.1: {}

  asap@2.0.6: {}

  call-bind-apply-helpers@1.0.2:
    dependencies:
      es-errors: 1.3.0
      function-bind: 1.1.2

  call-bind@1.0.9:
    dependencies:
      call-bind-apply-helpers: 1.0.2
      es-define-property: 1.0.1
      get-intrinsic: 1.3.0
      set-function-length: 1.2.2

  call-bound@1.0.4:
    dependencies:
      call-bind-apply-helpers: 1.0.2
      get-intrinsic: 1.3.0

  chalk@5.6.2: {}

  codama@1.8.0:
    dependencies:
      '@codama/cli': 1.5.3
      '@codama/errors': 1.8.0
      '@codama/nodes': 1.8.0
      '@codama/validators': 1.8.0
      '@codama/visitors': 1.8.0

  commander@14.0.3: {}

  commander@5.1.0: {}

  define-data-property@1.1.4:
    dependencies:
      es-define-property: 1.0.1
      es-errors: 1.3.0
      gopd: 1.2.0

  dunder-proto@1.0.1:
    dependencies:
      call-bind-apply-helpers: 1.0.2
      es-errors: 1.3.0
      gopd: 1.2.0

  es-define-property@1.0.1: {}

  es-errors@1.3.0: {}

  es-object-atoms@1.1.2:
    dependencies:
      es-errors: 1.3.0

  function-bind@1.1.2: {}

  get-intrinsic@1.3.0:
    dependencies:
      call-bind-apply-helpers: 1.0.2
      es-define-property: 1.0.1
      es-errors: 1.3.0
      es-object-atoms: 1.1.2
      function-bind: 1.1.2
      get-proto: 1.0.1
      gopd: 1.2.0
      has-symbols: 1.1.0
      hasown: 2.0.4
      math-intrinsics: 1.1.0

  get-proto@1.0.1:
    dependencies:
      dunder-proto: 1.0.1
      es-object-atoms: 1.1.2

  gopd@1.2.0: {}

  has-property-descriptors@1.0.2:
    dependencies:
      es-define-property: 1.0.1

  has-symbols@1.1.0: {}

  hasown@2.0.4:
    dependencies:
      function-bind: 1.1.2

  isarray@2.0.5: {}

  json-stable-stringify@1.3.0:
    dependencies:
      call-bind: 1.0.9
      call-bound: 1.0.4
      isarray: 2.0.5
      jsonify: 0.0.1
      object-keys: 1.1.1

  jsonify@0.0.1: {}

  kleur@3.0.3: {}

  math-intrinsics@1.1.0: {}

  nunjucks@3.2.4:
    dependencies:
      a-sync-waterfall: 1.0.1
      asap: 2.0.6
      commander: 5.1.0

  object-keys@1.1.1: {}

  picocolors@1.1.1: {}

  prettier@3.8.4: {}

  prompts@2.4.2:
    dependencies:
      kleur: 3.0.3
      sisteransi: 1.0.5

  semver@7.8.4: {}

  set-function-length@1.2.2:
    dependencies:
      define-data-property: 1.1.4
      es-errors: 1.3.0
      function-bind: 1.1.2
      get-intrinsic: 1.3.0
      gopd: 1.2.0
      has-property-descriptors: 1.0.2

  sisteransi@1.0.5: {}

  typescript@7.0.2:
    optionalDependencies:
      '@typescript/typescript-aix-ppc64': 7.0.2
      '@typescript/typescript-darwin-arm64': 7.0.2
      '@typescript/typescript-darwin-x64': 7.0.2
      '@typescript/typescript-freebsd-arm64': 7.0.2
      '@typescript/typescript-freebsd-x64': 7.0.2
      '@typescript/typescript-linux-arm': 7.0.2
      '@typescript/typescript-linux-arm64': 7.0.2
      '@typescript/typescript-linux-loong64': 7.0.2
      '@typescript/typescript-linux-mips64el': 7.0.2
      '@typescript/typescript-linux-ppc64': 7.0.2
      '@typescript/typescript-linux-riscv64': 7.0.2
      '@typescript/typescript-linux-s390x': 7.0.2
      '@typescript/typescript-linux-x64': 7.0.2
      '@typescript/typescript-netbsd-arm64': 7.0.2
      '@typescript/typescript-netbsd-x64': 7.0.2
      '@typescript/typescript-openbsd-arm64': 7.0.2
      '@typescript/typescript-openbsd-x64': 7.0.2
      '@typescript/typescript-sunos-x64': 7.0.2
      '@typescript/typescript-win32-arm64': 7.0.2
      '@typescript/typescript-win32-x64': 7.0.2
